
Microsoft Visual Studio Solution File, Format Version 12.00
# Visual Studio Version 17
VisualStudioVersion = 17.0.32112.339
MinimumVisualStudioVersion = 10.0.40219.1
Project("{9A19103F-16F7-4668-BE54-9A1E7A4F7556}") = "Shop.WebApi", "Shop.WebApi\Shop.WebApi.csproj", "{0B2268EA-2DFC-4D84-8047-7C90D6848414}"
EndProject
Project("{FAE04EC0-301F-11D3-BF4B-00C04F79EFBC}") = "Vendor.WebApi", "Vendor.WebApi\Vendor.WebApi.csproj", "{31449E82-62BA-4A25-A5B2-7D462CA5EA8C}"
EndProject
Global
	GlobalSection(SolutionConfigurationPlatforms) = preSolution
		Debug|Any CPU = Debug|Any CPU
		Release|Any CPU = Release|Any CPU
	EndGlobalSection
	GlobalSection(ProjectConfigurationPlatforms) = postSolution
		{0B2268EA-2DFC-4D84-8047-7C90D6848414}.Debug|Any CPU.ActiveCfg = Debug|Any CPU
		{0B2268EA-2DFC-4D84-8047-7C90D6848414}.Debug|Any CPU.Build.0 = Debug|Any CPU
		{0B2268EA-2DFC-4D84-8047-7C90D6848414}.Release|Any CPU.ActiveCfg = Release|Any CPU
		{0B2268EA-2DFC-4D84-8047-7C90D6848414}.Release|Any CPU.Build.0 = Release|Any CPU
		{31449E82-62BA-4A25-A5B2-7D462CA5EA8C}.Debug|Any CPU.ActiveCfg = Debug|Any CPU
		{31449E82-62BA-4A25-A5B2-7D462CA5EA8C}.Debug|Any CPU.Build.0 = Debug|Any CPU
		{31449E82-62BA-4A25-A5B2-7D462CA5EA8C}.Release|Any CPU.ActiveCfg = Release|Any CPU
		{31449E82-62BA-4A25-A5B2-7D462CA5EA8C}.Release|Any CPU.Build.0 = Release|Any CPU
	EndGlobalSection
	GlobalSection(SolutionProperties) = preSolution
		HideSolutionNode = FALSE
	EndGlobalSection
	GlobalSection(ExtensibilityGlobals) = postSolution
		SolutionGuid = {617F262D-7C55-4515-8A87-75A838883500}
	EndGlobalSection
EndGlobal
